{
  "name": "webapp",
  "version": "1.0.0",
  "lockfileVersion": 3,
  "requires": true,
  "packages": {
    "": {
      "name": "webapp",
      "version": "1.0.0",
      "license": "ISC",
      "dependencies": {
        "@vaadin/button": "^24.8.4",
        "@vaadin/text-field": "^24.8.4"
      }
    },
    "node_modules/@lit-labs/ssr-dom-shim": {
      "version": "1.4.0",
      "resolved": "https://registry.npmjs.org/@lit-labs/ssr-dom-shim/-/ssr-dom-shim-1.4.0.tgz",
      "integrity": "sha512-ficsEARKnmmW5njugNYKipTm4SFnbik7CXtoencDZzmzo/dQ+2Q0bgkzJuoJP20Aj0F+izzJjOqsnkd6F/o1bw==",
      "license": "BSD-3-Clause"
    },
    "node_modules/@lit/reactive-element": {
      "version": "2.1.1",
      "resolved": "https://registry.npmjs.org/@lit/reactive-element/-/reactive-element-2.1.1.tgz",
      "integrity": "sha512-N+dm5PAYdQ8e6UlywyyrgI2t++wFGXfHx+dSJ1oBrg6FAxUj40jId++EaRm80MKX5JnlH1sBsyZ5h0bcZKemCg==",
      "license": "BSD-3-Clause",
      "dependencies": {
        "@lit-labs/ssr-dom-shim": "^1.4.0"
      }
    },
    "node_modules/@open-wc/dedupe-mixin": {
      "version": "1.4.0",
      "resolved": "https://registry.npmjs.org/@open-wc/dedupe-mixin/-/dedupe-mixin-1.4.0.tgz",
      "integrity": "sha512-Sj7gKl1TLcDbF7B6KUhtvr+1UCxdhMbNY5KxdU5IfMFWqL8oy1ZeAcCANjoB1TL0AJTcPmcCFsCbHf8X2jGDUA==",
      "license": "MIT"
    },
    "node_modules/@polymer/polymer": {
      "version": "3.5.2",
      "resolved": "https://registry.npmjs.org/@polymer/polymer/-/polymer-3.5.2.tgz",
      "integrity": "sha512-fWwImY/UH4bb2534DVSaX+Azs2yKg8slkMBHOyGeU2kKx7Xmxp6Lee0jP8p6B3d7c1gFUPB2Z976dTUtX81pQA==",
      "license": "BSD-3-Clause",
      "dependencies": {
        "@webcomponents/shadycss": "^1.9.1"
      }
    },
    "node_modules/@types/trusted-types": {
      "version": "2.0.7",
      "resolved": "https://registry.npmjs.org/@types/trusted-types/-/trusted-types-2.0.7.tgz",
      "integrity": "sha512-ScaPdn1dQczgbl0QFTeTOmVHFULt394XJgOQNoyVhZ6r2vLnMLJfBPd53SB52T/3G36VI1/g2MZaX0cwDuXsfw==",
      "license": "MIT"
    },
    "node_modules/@vaadin/a11y-base": {
      "version": "24.8.4",
      "resolved": "https://registry.npmjs.org/@vaadin/a11y-base/-/a11y-base-24.8.4.tgz",
      "integrity": "sha512-B3ZaHN7NyS8nEpWK7QyQwzK5a+qjrqBqG7i+Vr3XjZQsmWDCL6ORRbOHjsTk+c7Ds0DKVA/iFQMy4JWKeFrQ8w==",
      "license": "Apache-2.0",
      "dependencies": {
        "@open-wc/dedupe-mixin": "^1.3.0",
        "@polymer/polymer": "^3.0.0",
        "@vaadin/component-base": "~24.8.4",
        "lit": "^3.0.0"
      }
    },
    "node_modules/@vaadin/button": {
      "version": "24.8.4",
      "resolved": "https://registry.npmjs.org/@vaadin/button/-/button-24.8.4.tgz",
      "integrity": "sha512-Plk4KCr9xnmoD/+yJ3P/EQt+6AOFTBqMAX48RXx8k9W4oTbvpJ66UighfWlsZwLdZlyEQlLYXbb+GLra6bv2bw==",
      "license": "Apache-2.0",
      "dependencies": {
        "@open-wc/dedupe-mixin": "^1.3.0",
        "@polymer/polymer": "^3.0.0",
        "@vaadin/a11y-base": "~24.8.4",
        "@vaadin/component-base": "~24.8.4",
        "@vaadin/vaadin-lumo-styles": "~24.8.4",
        "@vaadin/vaadin-material-styles": "~24.8.4",
        "@vaadin/vaadin-themable-mixin": "~24.8.4",
        "lit": "^3.0.0"
      }
    },
    "node_modules/@vaadin/component-base": {
      "version": "24.8.4",
      "resolved": "https://registry.npmjs.org/@vaadin/component-base/-/component-base-24.8.4.tgz",
      "integrity": "sha512-FBAtx4Z0gxUJ4huldzq5lXRMsMI06Trr1pX3ROjFRMasai8uBZswCoF1hhMgWj19flGLNz/ANdmLEnqikVdAqw==",
      "license": "Apache-2.0",
      "dependencies": {
        "@open-wc/dedupe-mixin": "^1.3.0",
        "@polymer/polymer": "^3.0.0",
        "@vaadin/vaadin-development-mode-detector": "^2.0.0",
        "@vaadin/vaadin-usage-statistics": "^2.1.0",
        "lit": "^3.0.0"
      }
    },
    "node_modules/@vaadin/field-base": {
      "version": "24.8.4",
      "resolved": "https://registry.npmjs.org/@vaadin/field-base/-/field-base-24.8.4.tgz",
      "integrity": "sha512-2Umdz19u9ayZQ5Lrrdfj3ubMUc5mJfi1YChItmVCiSHGx1tqlC+BQ4aECR8W8LaTud+I0KgCwR0YqgNBYrDgiw==",
      "license": "Apache-2.0",
      "dependencies": {
        "@open-wc/dedupe-mixin": "^1.3.0",
        "@polymer/polymer": "^3.0.0",
        "@vaadin/a11y-base": "~24.8.4",
        "@vaadin/component-base": "~24.8.4",
        "lit": "^3.0.0"
      }
    },
    "node_modules/@vaadin/icon": {
      "version": "24.8.4",
      "resolved": "https://registry.npmjs.org/@vaadin/icon/-/icon-24.8.4.tgz",
      "integrity": "sha512-p+bjgGejMpHbgSUNRkgwU2xpJLgdzszDCX/nod7XuAeMCDMmxuRueML9f2kORYku49zh0BpFb3p5oTL8b0SCXQ==",
      "license": "Apache-2.0",
      "dependencies": {
        "@open-wc/dedupe-mixin": "^1.3.0",
        "@polymer/polymer": "^3.0.0",
        "@vaadin/component-base": "~24.8.4",
        "@vaadin/vaadin-lumo-styles": "~24.8.4",
        "@vaadin/vaadin-themable-mixin": "~24.8.4",
        "lit": "^3.0.0"
      }
    },
    "node_modules/@vaadin/input-container": {
      "version": "24.8.4",
      "resolved": "https://registry.npmjs.org/@vaadin/input-container/-/input-container-24.8.4.tgz",
      "integrity": "sha512-bvy7dJJohzU3x0mltufZ1BGk6a/6G8QHvpP5IqEv78osoOwUnLYycS4Q69SrxNspMxB/O5fptlXBQj/6S+b59A==",
      "license": "Apache-2.0",
      "dependencies": {
        "@polymer/polymer": "^3.0.0",
        "@vaadin/component-base": "~24.8.4",
        "@vaadin/vaadin-lumo-styles": "~24.8.4",
        "@vaadin/vaadin-material-styles": "~24.8.4",
        "@vaadin/vaadin-themable-mixin": "~24.8.4",
        "lit": "^3.0.0"
      }
    },
    "node_modules/@vaadin/text-field": {
      "version": "24.8.4",
      "resolved": "https://registry.npmjs.org/@vaadin/text-field/-/text-field-24.8.4.tgz",
      "integrity": "sha512-0ANQRzlRiJ+KyRAFZORrLx0GOxtvVmF08lkqlkF2UB1+LmxpshgbvceiPFIiELc61EiDIcP5L3SrvjsHWImhlg==",
      "license": "Apache-2.0",
      "dependencies": {
        "@open-wc/dedupe-mixin": "^1.3.0",
        "@polymer/polymer": "^3.0.0",
        "@vaadin/a11y-base": "~24.8.4",
        "@vaadin/component-base": "~24.8.4",
        "@vaadin/field-base": "~24.8.4",
        "@vaadin/input-container": "~24.8.4",
        "@vaadin/vaadin-lumo-styles": "~24.8.4",
        "@vaadin/vaadin-material-styles": "~24.8.4",
        "@vaadin/vaadin-themable-mixin": "~24.8.4",
        "lit": "^3.0.0"
      }
    },
    "node_modules/@vaadin/vaadin-development-mode-detector": {
      "version": "2.0.7",
      "resolved": "https://registry.npmjs.org/@vaadin/vaadin-development-mode-detector/-/vaadin-development-mode-detector-2.0.7.tgz",
      "integrity": "sha512-9FhVhr0ynSR3X2ao+vaIEttcNU5XfzCbxtmYOV8uIRnUCtNgbvMOIcyGBvntsX9I5kvIP2dV3cFAOG9SILJzEA==",
      "license": "Apache-2.0"
    },
    "node_modules/@vaadin/vaadin-lumo-styles": {
      "version": "24.8.4",
      "resolved": "https://registry.npmjs.org/@vaadin/vaadin-lumo-styles/-/vaadin-lumo-styles-24.8.4.tgz",
      "integrity": "sha512-K1wSTytH3XCURVA3JU4q9SJxVjS9COYgkdQGYwHcPUCKULB7ehT/5DmhQLhenV2yFGtPSY9V/g0BPaoe28Uxig==",
      "license": "Apache-2.0",
      "dependencies": {
        "@polymer/polymer": "^3.0.0",
        "@vaadin/component-base": "~24.8.4",
        "@vaadin/icon": "~24.8.4",
        "@vaadin/vaadin-themable-mixin": "~24.8.4"
      }
    },
    "node_modules/@vaadin/vaadin-material-styles": {
      "version": "24.8.4",
      "resolved": "https://registry.npmjs.org/@vaadin/vaadin-material-styles/-/vaadin-material-styles-24.8.4.tgz",
      "integrity": "sha512-RqHOX1A3SGD3IesqLphQworgmWTTQ363cgZx+WV3pMsl0jgYB7gTLx+FhFlOaoWz1TWVmk3VIHx0BvOyecAskQ==",
      "license": "Apache-2.0",
      "dependencies": {
        "@polymer/polymer": "^3.0.0",
        "@vaadin/component-base": "~24.8.4",
        "@vaadin/vaadin-themable-mixin": "~24.8.4"
      }
    },
    "node_modules/@vaadin/vaadin-themable-mixin": {
      "version": "24.8.4",
      "resolved": "https://registry.npmjs.org/@vaadin/vaadin-themable-mixin/-/vaadin-themable-mixin-24.8.4.tgz",
      "integrity": "sha512-CInDJlaDbBYRkxnJ8JPqejw0yVrDPfpvsven3vy5cD70vTr0p/iWymbADVKSAFYFp9eQ03obvgM5JWS7qJ5jvw==",
      "license": "Apache-2.0",
      "dependencies": {
        "@open-wc/dedupe-mixin": "^1.3.0",
        "lit": "^3.0.0",
        "style-observer": "^0.0.8"
      }
    },
    "node_modules/@vaadin/vaadin-usage-statistics": {
      "version": "2.1.3",
      "resolved": "https://registry.npmjs.org/@vaadin/vaadin-usage-statistics/-/vaadin-usage-statistics-2.1.3.tgz",
      "integrity": "sha512-8r4TNknD7OJQADe3VygeofFR7UNAXZ2/jjBFP5dgI8+2uMfnuGYgbuHivasKr9WSQ64sPej6m8rDoM1uSllXjQ==",
      "hasInstallScript": true,
      "license": "Apache-2.0",
      "dependencies": {
        "@vaadin/vaadin-development-mode-detector": "^2.0.0"
      },
      "engines": {
        "node": "^12.20.0 || ^14.13.1 || >=16.0.0"
      }
    },
    "node_modules/@webcomponents/shadycss": {
      "version": "1.11.2",
      "resolved": "https://registry.npmjs.org/@webcomponents/shadycss/-/shadycss-1.11.2.tgz",
      "integrity": "sha512-vRq+GniJAYSBmTRnhCYPAPq6THYqovJ/gzGThWbgEZUQaBccndGTi1hdiUP15HzEco0I6t4RCtXyX0rsSmwgPw==",
      "license": "BSD-3-Clause"
    },
    "node_modules/lit": {
      "version": "3.3.1",
      "resolved": "https://registry.npmjs.org/lit/-/lit-3.3.1.tgz",
      "integrity": "sha512-Ksr/8L3PTapbdXJCk+EJVB78jDodUMaP54gD24W186zGRARvwrsPfS60wae/SSCTCNZVPd1chXqio1qHQmu4NA==",
      "license": "BSD-3-Clause",
      "dependencies": {
        "@lit/reactive-element": "^2.1.0",
        "lit-element": "^4.2.0",
        "lit-html": "^3.3.0"
      }
    },
    "node_modules/lit-element": {
      "version": "4.2.1",
      "resolved": "https://registry.npmjs.org/lit-element/-/lit-element-4.2.1.tgz",
      "integrity": "sha512-WGAWRGzirAgyphK2urmYOV72tlvnxw7YfyLDgQ+OZnM9vQQBQnumQ7jUJe6unEzwGU3ahFOjuz1iz1jjrpCPuw==",
      "license": "BSD-3-Clause",
      "dependencies": {
        "@lit-labs/ssr-dom-shim": "^1.4.0",
        "@lit/reactive-element": "^2.1.0",
        "lit-html": "^3.3.0"
      }
    },
    "node_modules/lit-html": {
      "version": "3.3.1",
      "resolved": "https://registry.npmjs.org/lit-html/-/lit-html-3.3.1.tgz",
      "integrity": "sha512-S9hbyDu/vs1qNrithiNyeyv64c9yqiW9l+DBgI18fL+MTvOtWoFR0FWiyq1TxaYef5wNlpEmzlXoBlZEO+WjoA==",
      "license": "BSD-3-Clause",
      "dependencies": {
        "@types/trusted-types": "^2.0.2"
      }
    },
    "node_modules/style-observer": {
      "version": "0.0.8",
      "resolved": "https://registry.npmjs.org/style-observer/-/style-observer-0.0.8.tgz",
      "integrity": "sha512-UaIPn33Sx4BJ+goia51Q++VFWoplWK1995VdxQYzwwbFa+FUNLKlG+aiIdG2Vw7VyzIUBi8tqu8mTyg0Ppu6Yg==",
      "funding": [
        {
          "type": "individual",
          "url": "https://github.com/sponsors/LeaVerou"
        },
        {
          "type": "opencollective",
          "url": "https://opencollective.com/leaverou"
        }
      ],
      "license": "MIT"
    }
  }
}
